
Microsoft Visual Studio Solution File, Format Version 12.00
# Visual Studio 15
VisualStudioVersion = 15.0.28010.2036
MinimumVisualStudioVersion = 10.0.40219.1
Project("{FAE04EC0-301F-11D3-BF4B-00C04F79EFBC}") = "Question 1B", "Question 1\Question 1B.csproj", "{2695E226-C178-42AA-93E5-7B02247FA6B2}"
EndProject
Project("{FAE04EC0-301F-11D3-BF4B-00C04F79EFBC}") = "Question 2B", "Question 2\Question 2B.csproj", "{110F9EFF-A673-4761-8591-AD7CA4D06C4D}"
EndProject
Project("{FAE04EC0-301F-11D3-BF4B-00C04F79EFBC}") = "Question 3B", "Question 3\Question 3B.csproj", "{C896F9C9-C384-43FC-8A52-D5F923F19B0B}"
EndProject
Project("{FAE04EC0-301F-11D3-BF4B-00C04F79EFBC}") = "Question 4B", "Question 4\Question 4B.csproj", "{772D039B-1876-4907-A6F3-FEFB09A0BDA6}"
EndProject
Project("{FAE04EC0-301F-11D3-BF4B-00C04F79EFBC}") = "Question 5B", "Question 5\Question 5B.csproj", "{E6AFCB62-96F0-4E42-B7A0-5BF9835589C8}"
EndProject
Global
	GlobalSection(SolutionConfigurationPlatforms) = preSolution
		Debug|Any CPU = Debug|Any CPU
		Release|Any CPU = Release|Any CPU
	EndGlobalSection
	GlobalSection(ProjectConfigurationPlatforms) = postSolution
		{2695E226-C178-42AA-93E5-7B02247FA6B2}.Debug|Any CPU.ActiveCfg = Debug|Any CPU
		{2695E226-C178-42AA-93E5-7B02247FA6B2}.Debug|Any CPU.Build.0 = Debug|Any CPU
		{2695E226-C178-42AA-93E5-7B02247FA6B2}.Release|Any CPU.ActiveCfg = Release|Any CPU
		{2695E226-C178-42AA-93E5-7B02247FA6B2}.Release|Any CPU.Build.0 = Release|Any CPU
		{110F9EFF-A673-4761-8591-AD7CA4D06C4D}.Debug|Any CPU.ActiveCfg = Debug|Any CPU
		{110F9EFF-A673-4761-8591-AD7CA4D06C4D}.Debug|Any CPU.Build.0 = Debug|Any CPU
		{110F9EFF-A673-4761-8591-AD7CA4D06C4D}.Release|Any CPU.ActiveCfg = Release|Any CPU
		{110F9EFF-A673-4761-8591-AD7CA4D06C4D}.Release|Any CPU.Build.0 = Release|Any CPU
		{C896F9C9-C384-43FC-8A52-D5F923F19B0B}.Debug|Any CPU.ActiveCfg = Debug|Any CPU
		{C896F9C9-C384-43FC-8A52-D5F923F19B0B}.Debug|Any CPU.Build.0 = Debug|Any CPU
		{C896F9C9-C384-43FC-8A52-D5F923F19B0B}.Release|Any CPU.ActiveCfg = Release|Any CPU
		{C896F9C9-C384-43FC-8A52-D5F923F19B0B}.Release|Any CPU.Build.0 = Release|Any CPU
		{772D039B-1876-4907-A6F3-FEFB09A0BDA6}.Debug|Any CPU.ActiveCfg = Debug|Any CPU
		{772D039B-1876-4907-A6F3-FEFB09A0BDA6}.Debug|Any CPU.Build.0 = Debug|Any CPU
		{772D039B-1876-4907-A6F3-FEFB09A0BDA6}.Release|Any CPU.ActiveCfg = Release|Any CPU
		{772D039B-1876-4907-A6F3-FEFB09A0BDA6}.Release|Any CPU.Build.0 = Release|Any CPU
		{E6AFCB62-96F0-4E42-B7A0-5BF9835589C8}.Debug|Any CPU.ActiveCfg = Debug|Any CPU
		{E6AFCB62-96F0-4E42-B7A0-5BF9835589C8}.Debug|Any CPU.Build.0 = Debug|Any CPU
		{E6AFCB62-96F0-4E42-B7A0-5BF9835589C8}.Release|Any CPU.ActiveCfg = Release|Any CPU
		{E6AFCB62-96F0-4E42-B7A0-5BF9835589C8}.Release|Any CPU.Build.0 = Release|Any CPU
	EndGlobalSection
	GlobalSection(SolutionProperties) = preSolution
		HideSolutionNode = FALSE
	EndGlobalSection
	GlobalSection(ExtensibilityGlobals) = postSolution
		SolutionGuid = {69ADF732-829E-4AAE-838C-371B2A78E855}
	EndGlobalSection
EndGlobal
